// !$*UTF8*$!
{
	archiveVersion = 1;
	classes = {
	};
	objectVersion = 77;
	objects = {

/* Begin PBXBuildFile section */
		1860B0D5E6C7DB5020A49E14 /* Roboport in Frameworks */ = {isa = PBXBuildFile; productRef = 56FC76418879DD382D11C387 /* Roboport */; };
		1D077607AAD6A70EC2494E25 /* PersonalToolSurface.swift in Sources */ = {isa = PBXBuildFile; fileRef = D81A23A2DB02B2F290FD005D /* PersonalToolSurface.swift */; };
		1F09CF517BB9611568802333 /* MailTools.swift in Sources */ = {isa = PBXBuildFile; fileRef = 28D7E8C8E70EFD09C3720BA5 /* MailTools.swift */; };
		255404BCF2226A426743F036 /* JMAPClient.swift in Sources */ = {isa = PBXBuildFile; fileRef = 1D0A97AFD2105E52B15E8EE1 /* JMAPClient.swift */; };
		2E2294B246435620CBC6403A /* Credentials.swift in Sources */ = {isa = PBXBuildFile; fileRef = E3BD315B3DC854343CD8550C /* Credentials.swift */; };
		37F4E335A43D87F98E092E16 /* MarkdownText.swift in Sources */ = {isa = PBXBuildFile; fileRef = DF427BEF0CF844253F46CF23 /* MarkdownText.swift */; };
		5180CC1CD7686EB88F2DB5FE /* MobileConversation.swift in Sources */ = {isa = PBXBuildFile; fileRef = A94E8B35DA8A584B33651694 /* MobileConversation.swift */; };
		5B063257C0B8E7508DE36305 /* IsleMobileApp.swift in Sources */ = {isa = PBXBuildFile; fileRef = DD118E2FEA1314AD0DDDA1E9 /* IsleMobileApp.swift */; };
		93FE14F5CEA5808090DAFEC0 /* ReminderTools.swift in Sources */ = {isa = PBXBuildFile; fileRef = A4BADD17DA62344EA78D53E5 /* ReminderTools.swift */; };
		941FD6E6681BC5F68B824CC5 /* ContentView.swift in Sources */ = {isa = PBXBuildFile; fileRef = 588A1E7529F1422E331D311D /* ContentView.swift */; };
		9B75DA1C35F6A415215EAC77 /* Assets.xcassets in Resources */ = {isa = PBXBuildFile; fileRef = 0AA585427C7462D17A809083 /* Assets.xcassets */; };
		AE45A35B18C4ED2A3D23C61C /* MailService.swift in Sources */ = {isa = PBXBuildFile; fileRef = C705149CE074907A474DD5F5 /* MailService.swift */; };
		AF4C9859C2ECB5E056F0B2E8 /* MCP in Frameworks */ = {isa = PBXBuildFile; productRef = EC708D01A06E445C7BC8DBA9 /* MCP */; };
		B08CEEBC257415B8F1A4A596 /* JMAPMailProvider.swift in Sources */ = {isa = PBXBuildFile; fileRef = E2A7A5BD2495E40BA0F11031 /* JMAPMailProvider.swift */; };
		E442D131E01047E615F3FB01 /* CalendarTools.swift in Sources */ = {isa = PBXBuildFile; fileRef = 89C4965A5C8CCCA3CDB7A1D1 /* CalendarTools.swift */; };
		EA6D1E579B4E45D5ACCAD0F2 /* MobileTools.swift in Sources */ = {isa = PBXBuildFile; fileRef = 68511A3D508E1850228DB332 /* MobileTools.swift */; };
		F4529D53346179222019BE67 /* ManuscriptView.swift in Sources */ = {isa = PBXBuildFile; fileRef = CCC96AD978919D366D7A492A /* ManuscriptView.swift */; };
		F923BDDBD28BB8E15AC2141F /* CalendarService.swift in Sources */ = {isa = PBXBuildFile; fileRef = 21905075BA5360847FD6061F /* CalendarService.swift */; };
		FFD3EA8644E8AA6630AC405D /* RemindersService.swift in Sources */ = {isa = PBXBuildFile; fileRef = 575D0D96B7E82B77C72D8C02 /* RemindersService.swift */; };
/* End PBXBuildFile section */

/* Begin PBXFileReference section */
		0AA585427C7462D17A809083 /* Assets.xcassets */ = {isa = PBXFileReference; lastKnownFileType = folder.assetcatalog; path = Assets.xcassets; sourceTree = "<group>"; };
		1D0A97AFD2105E52B15E8EE1 /* JMAPClient.swift */ = {isa = PBXFileReference; lastKnownFileType = sourcecode.swift; path = JMAPClient.swift; sourceTree = "<group>"; };
		21905075BA5360847FD6061F /* CalendarService.swift */ = {isa = PBXFileReference; lastKnownFileType = sourcecode.swift; path = CalendarService.swift; sourceTree = "<group>"; };
		28D7E8C8E70EFD09C3720BA5 /* MailTools.swift */ = {isa = PBXFileReference; lastKnownFileType = sourcecode.swift; path = MailTools.swift; sourceTree = "<group>"; };
		575D0D96B7E82B77C72D8C02 /* RemindersService.swift */ = {isa = PBXFileReference; lastKnownFileType = sourcecode.swift; path = RemindersService.swift; sourceTree = "<group>"; };
		588A1E7529F1422E331D311D /* ContentView.swift */ = {isa = PBXFileReference; lastKnownFileType = sourcecode.swift; path = ContentView.swift; sourceTree = "<group>"; };
		68511A3D508E1850228DB332 /* MobileTools.swift */ = {isa = PBXFileReference; lastKnownFileType = sourcecode.swift; path = MobileTools.swift; sourceTree = "<group>"; };
		89C4965A5C8CCCA3CDB7A1D1 /* CalendarTools.swift */ = {isa = PBXFileReference; lastKnownFileType = sourcecode.swift; path = CalendarTools.swift; sourceTree = "<group>"; };
		A4BADD17DA62344EA78D53E5 /* ReminderTools.swift */ = {isa = PBXFileReference; lastKnownFileType = sourcecode.swift; path = ReminderTools.swift; sourceTree = "<group>"; };
		A94E8B35DA8A584B33651694 /* MobileConversation.swift */ = {isa = PBXFileReference; lastKnownFileType = sourcecode.swift; path = MobileConversation.swift; sourceTree = "<group>"; };
		C4DA4447EEC31AC66F7532CE /* IsleMobile.app */ = {isa = PBXFileReference; includeInIndex = 0; lastKnownFileType = wrapper.application; path = IsleMobile.app; sourceTree = BUILT_PRODUCTS_DIR; };
		C705149CE074907A474DD5F5 /* MailService.swift */ = {isa = PBXFileReference; lastKnownFileType = sourcecode.swift; path = MailService.swift; sourceTree = "<group>"; };
		CCC96AD978919D366D7A492A /* ManuscriptView.swift */ = {isa = PBXFileReference; lastKnownFileType = sourcecode.swift; path = ManuscriptView.swift; sourceTree = "<group>"; };
		D81A23A2DB02B2F290FD005D /* PersonalToolSurface.swift */ = {isa = PBXFileReference; lastKnownFileType = sourcecode.swift; path = PersonalToolSurface.swift; sourceTree = "<group>"; };
		DD118E2FEA1314AD0DDDA1E9 /* IsleMobileApp.swift */ = {isa = PBXFileReference; lastKnownFileType = sourcecode.swift; path = IsleMobileApp.swift; sourceTree = "<group>"; };
		DF427BEF0CF844253F46CF23 /* MarkdownText.swift */ = {isa = PBXFileReference; lastKnownFileType = sourcecode.swift; path = MarkdownText.swift; sourceTree = "<group>"; };
		E2A7A5BD2495E40BA0F11031 /* JMAPMailProvider.swift */ = {isa = PBXFileReference; lastKnownFileType = sourcecode.swift; path = JMAPMailProvider.swift; sourceTree = "<group>"; };
		E3BD315B3DC854343CD8550C /* Credentials.swift */ = {isa = PBXFileReference; lastKnownFileType = sourcecode.swift; path = Credentials.swift; sourceTree = "<group>"; };
		E5986400CF7EE8AF5847AAA0 /* Roboport */ = {isa = PBXFileReference; lastKnownFileType = folder; name = Roboport; path = ../Packages/Roboport; sourceTree = SOURCE_ROOT; };
		F1E2E3EB896218AB82CBC05B /* Info.plist */ = {isa = PBXFileReference; lastKnownFileType = text.plist; path = Info.plist; sourceTree = "<group>"; };
/* End PBXFileReference section */

/* Begin PBXFrameworksBuildPhase section */
		3228210CE56D2D04E3804BE2 /* Frameworks */ = {
			isa = PBXFrameworksBuildPhase;
			buildActionMask = 2147483647;
			files = (
				AF4C9859C2ECB5E056F0B2E8 /* MCP in Frameworks */,
				1860B0D5E6C7DB5020A49E14 /* Roboport in Frameworks */,
			);
			runOnlyForDeploymentPostprocessing = 0;
		};
/* End PBXFrameworksBuildPhase section */

/* Begin PBXGroup section */
		07AE26A28FBE29817740F5ED /* Shared */ = {
			isa = PBXGroup;
			children = (
				58B79B171CA9784EAC6E8C95 /* Tools */,
				7A82FA9742800FCC81A68AA8 /* UI */,
			);
			name = Shared;
			path = ../Shared;
			sourceTree = "<group>";
		};
		16360B76D68B0C1E7F6780D1 /* IsleMobile */ = {
			isa = PBXGroup;
			children = (
				0AA585427C7462D17A809083 /* Assets.xcassets */,
				588A1E7529F1422E331D311D /* ContentView.swift */,
				E3BD315B3DC854343CD8550C /* Credentials.swift */,
				F1E2E3EB896218AB82CBC05B /* Info.plist */,
				DD118E2FEA1314AD0DDDA1E9 /* IsleMobileApp.swift */,
				CCC96AD978919D366D7A492A /* ManuscriptView.swift */,
				A94E8B35DA8A584B33651694 /* MobileConversation.swift */,
				68511A3D508E1850228DB332 /* MobileTools.swift */,
			);
			path = IsleMobile;
			sourceTree = "<group>";
		};
		1FF5E8DC530D852CDAF71ADC /* Packages */ = {
			isa = PBXGroup;
			children = (
				E5986400CF7EE8AF5847AAA0 /* Roboport */,
			);
			name = Packages;
			sourceTree = "<group>";
		};
		5233BC0C95267C797A2A01E1 = {
			isa = PBXGroup;
			children = (
				16360B76D68B0C1E7F6780D1 /* IsleMobile */,
				1FF5E8DC530D852CDAF71ADC /* Packages */,
				07AE26A28FBE29817740F5ED /* Shared */,
				794C65BC71DE1D18DF277B16 /* Products */,
			);
			sourceTree = "<group>";
		};
		58B79B171CA9784EAC6E8C95 /* Tools */ = {
			isa = PBXGroup;
			children = (
				21905075BA5360847FD6061F /* CalendarService.swift */,
				89C4965A5C8CCCA3CDB7A1D1 /* CalendarTools.swift */,
				1D0A97AFD2105E52B15E8EE1 /* JMAPClient.swift */,
				E2A7A5BD2495E40BA0F11031 /* JMAPMailProvider.swift */,
				C705149CE074907A474DD5F5 /* MailService.swift */,
				28D7E8C8E70EFD09C3720BA5 /* MailTools.swift */,
				D81A23A2DB02B2F290FD005D /* PersonalToolSurface.swift */,
				575D0D96B7E82B77C72D8C02 /* RemindersService.swift */,
				A4BADD17DA62344EA78D53E5 /* ReminderTools.swift */,
			);
			path = Tools;
			sourceTree = "<group>";
		};
		794C65BC71DE1D18DF277B16 /* Products */ = {
			isa = PBXGroup;
			children = (
				C4DA4447EEC31AC66F7532CE /* IsleMobile.app */,
			);
			name = Products;
			sourceTree = "<group>";
		};
		7A82FA9742800FCC81A68AA8 /* UI */ = {
			isa = PBXGroup;
			children = (
				DF427BEF0CF844253F46CF23 /* MarkdownText.swift */,
			);
			path = UI;
			sourceTree = "<group>";
		};
/* End PBXGroup section */

/* Begin PBXNativeTarget section */
		C73E56E707119B5545E3466C /* IsleMobile */ = {
			isa = PBXNativeTarget;
			buildConfigurationList = 6D5EA1A87EA874901D60C41D /* Build configuration list for PBXNativeTarget "IsleMobile" */;
			buildPhases = (
				BDA8BA9E12DD29CAE0E47031 /* Sources */,
				6FD5651CEEA307E1C1A2F77A /* Resources */,
				3228210CE56D2D04E3804BE2 /* Frameworks */,
			);
			buildRules = (
			);
			dependencies = (
			);
			name = IsleMobile;
			packageProductDependencies = (
				EC708D01A06E445C7BC8DBA9 /* MCP */,
				56FC76418879DD382D11C387 /* Roboport */,
			);
			productName = IsleMobile;
			productReference = C4DA4447EEC31AC66F7532CE /* IsleMobile.app */;
			productType = "com.apple.product-type.application";
		};
/* End PBXNativeTarget section */

/* Begin PBXProject section */
		368B4C2ADE150AAE651D7456 /* Project object */ = {
			isa = PBXProject;
			attributes = {
				BuildIndependentTargetsInParallel = YES;
				LastUpgradeCheck = 1430;
				TargetAttributes = {
					C73E56E707119B5545E3466C = {
						DevelopmentTeam = HQR74263JL;
						ProvisioningStyle = Automatic;
					};
				};
			};
			buildConfigurationList = FC48C4B17A966A0206F286C5 /* Build configuration list for PBXProject "IsleMobile" */;
			compatibilityVersion = "Xcode 14.0";
			developmentRegion = en;
			hasScannedForEncodings = 0;
			knownRegions = (
				Base,
				en,
			);
			mainGroup = 5233BC0C95267C797A2A01E1;
			minimizedProjectReferenceProxies = 1;
			packageReferences = (
				B06DD812933A1201350BFD63 /* XCRemoteSwiftPackageReference "swift-sdk" */,
				3F8982CB822B1FB620A1A781 /* XCLocalSwiftPackageReference "../Packages/Roboport" */,
			);
			preferredProjectObjectVersion = 77;
			projectDirPath = "";
			projectRoot = "";
			targets = (
				C73E56E707119B5545E3466C /* IsleMobile */,
			);
		};
/* End PBXProject section */

/* Begin PBXResourcesBuildPhase section */
		6FD5651CEEA307E1C1A2F77A /* Resources */ = {
			isa = PBXResourcesBuildPhase;
			buildActionMask = 2147483647;
			files = (
				9B75DA1C35F6A415215EAC77 /* Assets.xcassets in Resources */,
			);
			runOnlyForDeploymentPostprocessing = 0;
		};
/* End PBXResourcesBuildPhase section */

/* Begin PBXSourcesBuildPhase section */
		BDA8BA9E12DD29CAE0E47031 /* Sources */ = {
			isa = PBXSourcesBuildPhase;
			buildActionMask = 2147483647;
			files = (
				F923BDDBD28BB8E15AC2141F /* CalendarService.swift in Sources */,
				E442D131E01047E615F3FB01 /* CalendarTools.swift in Sources */,
				941FD6E6681BC5F68B824CC5 /* ContentView.swift in Sources */,
				2E2294B246435620CBC6403A /* Credentials.swift in Sources */,
				5B063257C0B8E7508DE36305 /* IsleMobileApp.swift in Sources */,
				255404BCF2226A426743F036 /* JMAPClient.swift in Sources */,
				B08CEEBC257415B8F1A4A596 /* JMAPMailProvider.swift in Sources */,
				AE45A35B18C4ED2A3D23C61C /* MailService.swift in Sources */,
				1F09CF517BB9611568802333 /* MailTools.swift in Sources */,
				F4529D53346179222019BE67 /* ManuscriptView.swift in Sources */,
				37F4E335A43D87F98E092E16 /* MarkdownText.swift in Sources */,
				5180CC1CD7686EB88F2DB5FE /* MobileConversation.swift in Sources */,
				EA6D1E579B4E45D5ACCAD0F2 /* MobileTools.swift in Sources */,
				1D077607AAD6A70EC2494E25 /* PersonalToolSurface.swift in Sources */,
				93FE14F5CEA5808090DAFEC0 /* ReminderTools.swift in Sources */,
				FFD3EA8644E8AA6630AC405D /* RemindersService.swift in Sources */,
			);
			runOnlyForDeploymentPostprocessing = 0;
		};
/* End PBXSourcesBuildPhase section */

/* Begin XCBuildConfiguration section */
		27BF1057FB13F681FD05B30E /* Debug */ = {
			isa = XCBuildConfiguration;
			buildSettings = {
				ALWAYS_SEARCH_USER_PATHS = NO;
				CLANG_ANALYZER_NONNULL = YES;
				CLANG_ANALYZER_NUMBER_OBJECT_CONVERSION = YES_AGGRESSIVE;
				CLANG_CXX_LANGUAGE_STANDARD = "gnu++14";
				CLANG_CXX_LIBRARY = "libc++";
				CLANG_ENABLE_MODULES = YES;
				CLANG_ENABLE_OBJC_ARC = YES;
				CLANG_ENABLE_OBJC_WEAK = YES;
				CLANG_WARN_BLOCK_CAPTURE_AUTORELEASING = YES;
				CLANG_WARN_BOOL_CONVERSION = YES;
				CLANG_WARN_COMMA = YES;
				CLANG_WARN_CONSTANT_CONVERSION = YES;
				CLANG_WARN_DEPRECATED_OBJC_IMPLEMENTATIONS = YES;
				CLANG_WARN_DIRECT_OBJC_ISA_USAGE = YES_ERROR;
				CLANG_WARN_DOCUMENTATION_COMMENTS = YES;
				CLANG_WARN_EMPTY_BODY = YES;
				CLANG_WARN_ENUM_CONVERSION = YES;
				CLANG_WARN_INFINITE_RECURSION = YES;
				CLANG_WARN_INT_CONVERSION = YES;
				CLANG_WARN_NON_LITERAL_NULL_CONVERSION = YES;
				CLANG_WARN_OBJC_IMPLICIT_RETAIN_SELF = YES;
				CLANG_WARN_OBJC_LITERAL_CONVERSION = YES;
				CLANG_WARN_OBJC_ROOT_CLASS = YES_ERROR;
				CLANG_WARN_QUOTED_INCLUDE_IN_FRAMEWORK_HEADER = YES;
				CLANG_WARN_RANGE_LOOP_ANALYSIS = YES;
				CLANG_WARN_STRICT_PROTOTYPES = YES;
				CLANG_WARN_SUSPICIOUS_MOVE = YES;
				CLANG_WARN_UNGUARDED_AVAILABILITY = YES_AGGRESSIVE;
				CLANG_WARN_UNREACHABLE_CODE = YES;
				CLANG_WARN__DUPLICATE_METHOD_MATCH = YES;
				CODE_SIGN_STYLE = Automatic;
				COPY_PHASE_STRIP = NO;
				DEBUG_INFORMATION_FORMAT = dwarf;
				DEVELOPMENT_TEAM = HQR74263JL;
				ENABLE_STRICT_OBJC_MSGSEND = YES;
				ENABLE_TESTABILITY = YES;
				ENABLE_USER_SCRIPT_SANDBOXING = YES;
				GCC_C_LANGUAGE_STANDARD = gnu11;
				GCC_DYNAMIC_NO_PIC = NO;
				GCC_NO_COMMON_BLOCKS = YES;
				GCC_OPTIMIZATION_LEVEL = 0;
				GCC_PREPROCESSOR_DEFINITIONS = (
					"$(inherited)",
					"DEBUG=1",
				);
				GCC_WARN_64_TO_32_BIT_CONVERSION = YES;
				GCC_WARN_ABOUT_RETURN_TYPE = YES_ERROR;
				GCC_WARN_UNDECLARED_SELECTOR = YES;
				GCC_WARN_UNINITIALIZED_AUTOS = YES_AGGRESSIVE;
				GCC_WARN_UNUSED_FUNCTION = YES;
				GCC_WARN_UNUSED_VARIABLE = YES;
				IPHONEOS_DEPLOYMENT_TARGET = 26.0;
				MTL_ENABLE_DEBUG_INFO = INCLUDE_SOURCE;
				MTL_FAST_MATH = YES;
				ONLY_ACTIVE_ARCH = YES;
				PRODUCT_NAME = "$(TARGET_NAME)";
				SDKROOT = iphoneos;
				SWIFT_ACTIVE_COMPILATION_CONDITIONS = DEBUG;
				SWIFT_OPTIMIZATION_LEVEL = "-Onone";
				SWIFT_STRICT_CONCURRENCY = complete;
				SWIFT_VERSION = 6.0;
			};
			name = Debug;
		};
		7F7E512DBCEE631313020F76 /* Release */ = {
			isa = XCBuildConfiguration;
			buildSettings = {
				ALWAYS_SEARCH_USER_PATHS = NO;
				CLANG_ANALYZER_NONNULL = YES;
				CLANG_ANALYZER_NUMBER_OBJECT_CONVERSION = YES_AGGRESSIVE;
				CLANG_CXX_LANGUAGE_STANDARD = "gnu++14";
				CLANG_CXX_LIBRARY = "libc++";
				CLANG_ENABLE_MODULES = YES;
				CLANG_ENABLE_OBJC_ARC = YES;
				CLANG_ENABLE_OBJC_WEAK = YES;
				CLANG_WARN_BLOCK_CAPTURE_AUTORELEASING = YES;
				CLANG_WARN_BOOL_CONVERSION = YES;
				CLANG_WARN_COMMA = YES;
				CLANG_WARN_CONSTANT_CONVERSION = YES;
				CLANG_WARN_DEPRECATED_OBJC_IMPLEMENTATIONS = YES;
				CLANG_WARN_DIRECT_OBJC_ISA_USAGE = YES_ERROR;
				CLANG_WARN_DOCUMENTATION_COMMENTS = YES;
				CLANG_WARN_EMPTY_BODY = YES;
				CLANG_WARN_ENUM_CONVERSION = YES;
				CLANG_WARN_INFINITE_RECURSION = YES;
				CLANG_WARN_INT_CONVERSION = YES;
				CLANG_WARN_NON_LITERAL_NULL_CONVERSION = YES;
				CLANG_WARN_OBJC_IMPLICIT_RETAIN_SELF = YES;
				CLANG_WARN_OBJC_LITERAL_CONVERSION = YES;
				CLANG_WARN_OBJC_ROOT_CLASS = YES_ERROR;
				CLANG_WARN_QUOTED_INCLUDE_IN_FRAMEWORK_HEADER = YES;
				CLANG_WARN_RANGE_LOOP_ANALYSIS = YES;
				CLANG_WARN_STRICT_PROTOTYPES = YES;
				CLANG_WARN_SUSPICIOUS_MOVE = YES;
				CLANG_WARN_UNGUARDED_AVAILABILITY = YES_AGGRESSIVE;
				CLANG_WARN_UNREACHABLE_CODE = YES;
				CLANG_WARN__DUPLICATE_METHOD_MATCH = YES;
				CODE_SIGN_STYLE = Automatic;
				COPY_PHASE_STRIP = NO;
				DEBUG_INFORMATION_FORMAT = "dwarf-with-dsym";
				DEVELOPMENT_TEAM = HQR74263JL;
				ENABLE_NS_ASSERTIONS = NO;
				ENABLE_STRICT_OBJC_MSGSEND = YES;
				ENABLE_USER_SCRIPT_SANDBOXING = YES;
				GCC_C_LANGUAGE_STANDARD = gnu11;
				GCC_NO_COMMON_BLOCKS = YES;
				GCC_WARN_64_TO_32_BIT_CONVERSION = YES;
				GCC_WARN_ABOUT_RETURN_TYPE = YES_ERROR;
				GCC_WARN_UNDECLARED_SELECTOR = YES;
				GCC_WARN_UNINITIALIZED_AUTOS = YES_AGGRESSIVE;
				GCC_WARN_UNUSED_FUNCTION = YES;
				GCC_WARN_UNUSED_VARIABLE = YES;
				IPHONEOS_DEPLOYMENT_TARGET = 26.0;
				MTL_ENABLE_DEBUG_INFO = NO;
				MTL_FAST_MATH = YES;
				PRODUCT_NAME = "$(TARGET_NAME)";
				SDKROOT = iphoneos;
				SWIFT_COMPILATION_MODE = wholemodule;
				SWIFT_OPTIMIZATION_LEVEL = "-O";
				SWIFT_STRICT_CONCURRENCY = complete;
				SWIFT_VERSION = 6.0;
			};
			name = Release;
		};
		B9A6776977835454B63A6060 /* Debug */ = {
			isa = XCBuildConfiguration;
			buildSettings = {
				ASSETCATALOG_COMPILER_APPICON_NAME = AppIcon;
				ASSETCATALOG_COMPILER_GLOBAL_ACCENT_COLOR_NAME = AccentColor;
				CODE_SIGN_IDENTITY = "iPhone Developer";
				INFOPLIST_FILE = IsleMobile/Info.plist;
				LD_RUNPATH_SEARCH_PATHS = (
					"$(inherited)",
					"@executable_path/Frameworks",
				);
				PRODUCT_BUNDLE_IDENTIFIER = DestinerLabs.IsleMobile;
				SDKROOT = iphoneos;
				SUPPORTS_MACCATALYST = NO;
				TARGETED_DEVICE_FAMILY = 1;
			};
			name = Debug;
		};
		DB570E2483EC1C048ADC578A /* Release */ = {
			isa = XCBuildConfiguration;
			buildSettings = {
				ASSETCATALOG_COMPILER_APPICON_NAME = AppIcon;
				ASSETCATALOG_COMPILER_GLOBAL_ACCENT_COLOR_NAME = AccentColor;
				CODE_SIGN_IDENTITY = "iPhone Developer";
				INFOPLIST_FILE = IsleMobile/Info.plist;
				LD_RUNPATH_SEARCH_PATHS = (
					"$(inherited)",
					"@executable_path/Frameworks",
				);
				PRODUCT_BUNDLE_IDENTIFIER = DestinerLabs.IsleMobile;
				SDKROOT = iphoneos;
				SUPPORTS_MACCATALYST = NO;
				TARGETED_DEVICE_FAMILY = 1;
			};
			name = Release;
		};
/* End XCBuildConfiguration section */

/* Begin XCConfigurationList section */
		6D5EA1A87EA874901D60C41D /* Build configuration list for PBXNativeTarget "IsleMobile" */ = {
			isa = XCConfigurationList;
			buildConfigurations = (
				B9A6776977835454B63A6060 /* Debug */,
				DB570E2483EC1C048ADC578A /* Release */,
			);
			defaultConfigurationIsVisible = 0;
			defaultConfigurationName = Debug;
		};
		FC48C4B17A966A0206F286C5 /* Build configuration list for PBXProject "IsleMobile" */ = {
			isa = XCConfigurationList;
			buildConfigurations = (
				27BF1057FB13F681FD05B30E /* Debug */,
				7F7E512DBCEE631313020F76 /* Release */,
			);
			defaultConfigurationIsVisible = 0;
			defaultConfigurationName = Debug;
		};
/* End XCConfigurationList section */

/* Begin XCLocalSwiftPackageReference section */
		3F8982CB822B1FB620A1A781 /* XCLocalSwiftPackageReference "../Packages/Roboport" */ = {
			isa = XCLocalSwiftPackageReference;
			relativePath = ../Packages/Roboport;
		};
/* End XCLocalSwiftPackageReference section */

/* Begin XCRemoteSwiftPackageReference section */
		B06DD812933A1201350BFD63 /* XCRemoteSwiftPackageReference "swift-sdk" */ = {
			isa = XCRemoteSwiftPackageReference;
			repositoryURL = "https://github.com/modelcontextprotocol/swift-sdk.git";
			requirement = {
				kind = exactVersion;
				version = 0.12.1;
			};
		};
/* End XCRemoteSwiftPackageReference section */

/* Begin XCSwiftPackageProductDependency section */
		56FC76418879DD382D11C387 /* Roboport */ = {
			isa = XCSwiftPackageProductDependency;
			productName = Roboport;
		};
		EC708D01A06E445C7BC8DBA9 /* MCP */ = {
			isa = XCSwiftPackageProductDependency;
			package = B06DD812933A1201350BFD63 /* XCRemoteSwiftPackageReference "swift-sdk" */;
			productName = MCP;
		};
/* End XCSwiftPackageProductDependency section */
	};
	rootObject = 368B4C2ADE150AAE651D7456 /* Project object */;
}
